
Microsoft Visual Studio Solution File, Format Version 12.00
# Visual Studio Version 17
VisualStudioVersion = 17.11.35327.3
MinimumVisualStudioVersion = 10.0.40219.1
Project("{9A19103F-16F7-4668-BE54-9A1E7A4F7556}") = "PageManagementSystem.Core", "PageManagementSystem.Core\PageManagementSystem.Core.csproj", "{136E303E-04E7-4964-A1B5-C619E4F278FB}"
EndProject
Project("{9A19103F-16F7-4668-BE54-9A1E7A4F7556}") = "PageManagementSystem.Application", "PageManagementSystem.Application\PageManagementSystem.Application.csproj", "{45F6A628-D55F-4A1E-9F65-6AF101F783A8}"
EndProject
Project("{9A19103F-16F7-4668-BE54-9A1E7A4F7556}") = "PageManagementSystem.Infrastructure", "PageManagementSystem.Infrastructure\PageManagementSystem.Infrastructure.csproj", "{4864309F-92A2-4A16-81A8-65F091CB4B37}"
EndProject
Project("{FAE04EC0-301F-11D3-BF4B-00C04F79EFBC}") = "PageManagementSystem.UI", "PageManagementSystem.UI\PageManagementSystem.UI.csproj", "{C7625E7A-E5B1-44CC-8611-388A904C17BB}"
EndProject
Global
	GlobalSection(SolutionConfigurationPlatforms) = preSolution
		Debug|Any CPU = Debug|Any CPU
		Release|Any CPU = Release|Any CPU
	EndGlobalSection
	GlobalSection(ProjectConfigurationPlatforms) = postSolution
		{136E303E-04E7-4964-A1B5-C619E4F278FB}.Debug|Any CPU.ActiveCfg = Debug|Any CPU
		{136E303E-04E7-4964-A1B5-C619E4F278FB}.Debug|Any CPU.Build.0 = Debug|Any CPU
		{136E303E-04E7-4964-A1B5-C619E4F278FB}.Release|Any CPU.ActiveCfg = Release|Any CPU
		{136E303E-04E7-4964-A1B5-C619E4F278FB}.Release|Any CPU.Build.0 = Release|Any CPU
		{45F6A628-D55F-4A1E-9F65-6AF101F783A8}.Debug|Any CPU.ActiveCfg = Debug|Any CPU
		{45F6A628-D55F-4A1E-9F65-6AF101F783A8}.Debug|Any CPU.Build.0 = Debug|Any CPU
		{45F6A628-D55F-4A1E-9F65-6AF101F783A8}.Release|Any CPU.ActiveCfg = Release|Any CPU
		{45F6A628-D55F-4A1E-9F65-6AF101F783A8}.Release|Any CPU.Build.0 = Release|Any CPU
		{4864309F-92A2-4A16-81A8-65F091CB4B37}.Debug|Any CPU.ActiveCfg = Debug|Any CPU
		{4864309F-92A2-4A16-81A8-65F091CB4B37}.Debug|Any CPU.Build.0 = Debug|Any CPU
		{4864309F-92A2-4A16-81A8-65F091CB4B37}.Release|Any CPU.ActiveCfg = Release|Any CPU
		{4864309F-92A2-4A16-81A8-65F091CB4B37}.Release|Any CPU.Build.0 = Release|Any CPU
		{C7625E7A-E5B1-44CC-8611-388A904C17BB}.Debug|Any CPU.ActiveCfg = Debug|Any CPU
		{C7625E7A-E5B1-44CC-8611-388A904C17BB}.Debug|Any CPU.Build.0 = Debug|Any CPU
		{C7625E7A-E5B1-44CC-8611-388A904C17BB}.Release|Any CPU.ActiveCfg = Release|Any CPU
		{C7625E7A-E5B1-44CC-8611-388A904C17BB}.Release|Any CPU.Build.0 = Release|Any CPU
	EndGlobalSection
	GlobalSection(SolutionProperties) = preSolution
		HideSolutionNode = FALSE
	EndGlobalSection
	GlobalSection(ExtensibilityGlobals) = postSolution
		SolutionGuid = {2AAEE425-4EB4-4A8F-B4ED-B0AEF3D8EC70}
	EndGlobalSection
EndGlobal
